// !$*UTF8*$!
{
	archiveVersion = 1;
	classes = {
	};
	objectVersion = 77;
	objects = {

/* Begin PBXContainerItemProxy section */
		0085A41E2CF8B11E00F8C53A /* PBXContainerItemProxy */ = {
			isa = PBXContainerItemProxy;
			containerPortal = 0085A4002CF8B11D00F8C53A /* Project object */;
			proxyType = 1;
			remoteGlobalIDString = 0085A4072CF8B11D00F8C53A;
			remoteInfo = LooseEnds;
		};
		0085A4282CF8B11E00F8C53A /* PBXContainerItemProxy */ = {
			isa = PBXContainerItemProxy;
			containerPortal = 0085A4002CF8B11D00F8C53A /* Project object */;
			proxyType = 1;
			remoteGlobalIDString = 0085A4072CF8B11D00F8C53A;
			remoteInfo = LooseEnds;
		};
/* End PBXContainerItemProxy section */

/* Begin PBXFileReference section */
		0085A4082CF8B11D00F8C53A /* LooseEnds.app */ = {isa = PBXFileReference; explicitFileType = wrapper.application; includeInIndex = 0; path = LooseEnds.app; sourceTree = BUILT_PRODUCTS_DIR; };
		0085A41D2CF8B11E00F8C53A /* LooseEndsTests.xctest */ = {isa = PBXFileReference; explicitFileType = wrapper.cfbundle; includeInIndex = 0; path = LooseEndsTests.xctest; sourceTree = BUILT_PRODUCTS_DIR; };
		0085A4272CF8B11E00F8C53A /* LooseEndsUITests.xctest */ = {isa = PBXFileReference; explicitFileType = wrapper.cfbundle; includeInIndex = 0; path = LooseEndsUITests.xctest; sourceTree = BUILT_PRODUCTS_DIR; };
/* End PBXFileReference section */

/* Begin PBXFileSystemSynchronizedRootGroup section */
		0085A40A2CF8B11D00F8C53A /* LooseEnds */ = {
			isa = PBXFileSystemSynchronizedRootGroup;
			path = LooseEnds;
			sourceTree = "<group>";
		};
		0085A4202CF8B11E00F8C53A /* LooseEndsTests */ = {
			isa = PBXFileSystemSynchronizedRootGroup;
			path = LooseEndsTests;
			sourceTree = "<group>";
		};
		0085A42A2CF8B11E00F8C53A /* LooseEndsUITests */ = {
			isa = PBXFileSystemSynchronizedRootGroup;
			path = LooseEndsUITests;
			sourceTree = "<group>";
		};
/* End PBXFileSystemSynchronizedRootGroup section */

/* Begin PBXFrameworksBuildPhase section */
		0085A4052CF8B11D00F8C53A /* Frameworks */ = {
			isa = PBXFrameworksBuildPhase;
			buildActionMask = 2147483647;
			files = (
			);
			runOnlyForDeploymentPostprocessing = 0;
		};
		0085A41A2CF8B11E00F8C53A /* Frameworks */ = {
			isa = PBXFrameworksBuildPhase;
			buildActionMask = 2147483647;
			files = (
			);
			runOnlyForDeploymentPostprocessing = 0;
		};
		0085A4242CF8B11E00F8C53A /* Frameworks */ = {
			isa = PBXFrameworksBuildPhase;
			buildActionMask = 2147483647;
			files = (
			);
			runOnlyForDeploymentPostprocessing = 0;
		};
/* End PBXFrameworksBuildPhase section */

/* Begin PBXGroup section */
		0085A3FF2CF8B11D00F8C53A = {
			isa = PBXGroup;
			children = (
				0085A40A2CF8B11D00F8C53A /* LooseEnds */,
				0085A4202CF8B11E00F8C53A /* LooseEndsTests */,
				0085A42A2CF8B11E00F8C53A /* LooseEndsUITests */,
				0085A4092CF8B11D00F8C53A /* Products */,
			);
			sourceTree = "<group>";
		};
		0085A4092CF8B11D00F8C53A /* Products */ = {
			isa = PBXGroup;
			children = (
				0085A4082CF8B11D00F8C53A /* LooseEnds.app */,
				0085A41D2CF8B11E00F8C53A /* LooseEndsTests.xctest */,
				0085A4272CF8B11E00F8C53A /* LooseEndsUITests.xctest */,
			);
			name = Products;
			sourceTree = "<group>";
		};
/* End PBXGroup section */

/* Begin PBXNativeTarget section */
		0085A4072CF8B11D00F8C53A /* LooseEnds */ = {
			isa = PBXNativeTarget;
			buildConfigurationList = 0085A4312CF8B11E00F8C53A /* Build configuration list for PBXNativeTarget "LooseEnds" */;
			buildPhases = (
				0085A4042CF8B11D00F8C53A /* Sources */,
				0085A4052CF8B11D00F8C53A /* Frameworks */,
				0085A4062CF8B11D00F8C53A /* Resources */,
			);
			buildRules = (
			);
			dependencies = (
			);
			fileSystemSynchronizedGroups = (
				0085A40A2CF8B11D00F8C53A /* LooseEnds */,
			);
			name = LooseEnds;
			packageProductDependencies = (
			);
			productName = LooseEnds;
			productReference = 0085A4082CF8B11D00F8C53A /* LooseEnds.app */;
			productType = "com.apple.product-type.application";
		};
		0085A41C2CF8B11E00F8C53A /* LooseEndsTests */ = {
			isa = PBXNativeTarget;
			buildConfigurationList = 0085A4342CF8B11E00F8C53A /* Build configuration list for PBXNativeTarget "LooseEndsTests" */;
			buildPhases = (
				0085A4192CF8B11E00F8C53A /* Sources */,
				0085A41A2CF8B11E00F8C53A /* Frameworks */,
				0085A41B2CF8B11E00F8C53A /* Resources */,
			);
			buildRules = (
			);
			dependencies = (
				0085A41F2CF8B11E00F8C53A /* PBXTargetDependency */,
			);
			fileSystemSynchronizedGroups = (
				0085A4202CF8B11E00F8C53A /* LooseEndsTests */,
			);
			name = LooseEndsTests;
			packageProductDependencies = (
			);
			productName = LooseEndsTests;
			productReference = 0085A41D2CF8B11E00F8C53A /* LooseEndsTests.xctest */;
			productType = "com.apple.product-type.bundle.unit-test";
		};
		0085A4262CF8B11E00F8C53A /* LooseEndsUITests */ = {
			isa = PBXNativeTarget;
			buildConfigurationList = 0085A4372CF8B11E00F8C53A /* Build configuration list for PBXNativeTarget "LooseEndsUITests" */;
			buildPhases = (
				0085A4232CF8B11E00F8C53A /* Sources */,
				0085A4242CF8B11E00F8C53A /* Frameworks */,
				0085A4252CF8B11E00F8C53A /* Resources */,
			);
			buildRules = (
			);
			dependencies = (
				0085A4292CF8B11E00F8C53A /* PBXTargetDependency */,
			);
			fileSystemSynchronizedGroups = (
				0085A42A2CF8B11E00F8C53A /* LooseEndsUITests */,
			);
			name = LooseEndsUITests;
			packageProductDependencies = (
			);
			productName = LooseEndsUITests;
			productReference = 0085A4272CF8B11E00F8C53A /* LooseEndsUITests.xctest */;
			productType = "com.apple.product-type.bundle.ui-testing";
		};
/* End PBXNativeTarget section */

/* Begin PBXProject section */
		0085A4002CF8B11D00F8C53A /* Project object */ = {
			isa = PBXProject;
			attributes = {
				BuildIndependentTargetsInParallel = 1;
				LastSwiftUpdateCheck = 1610;
				LastUpgradeCheck = 1610;
				TargetAttributes = {
					0085A4072CF8B11D00F8C53A = {
						CreatedOnToolsVersion = 16.1;
					};
					0085A41C2CF8B11E00F8C53A = {
						CreatedOnToolsVersion = 16.1;
						TestTargetID = 0085A4072CF8B11D00F8C53A;
					};
					0085A4262CF8B11E00F8C53A = {
						CreatedOnToolsVersion = 16.1;
						TestTargetID = 0085A4072CF8B11D00F8C53A;
					};
				};
			};
			buildConfigurationList = 0085A4032CF8B11D00F8C53A /* Build configuration list for PBXProject "LooseEnds" */;
			developmentRegion = en;
			hasScannedForEncodings = 0;
			knownRegions = (
				en,
				Base,
			);
			mainGroup = 0085A3FF2CF8B11D00F8C53A;
			minimizedProjectReferenceProxies = 1;
			preferredProjectObjectVersion = 77;
			productRefGroup = 0085A4092CF8B11D00F8C53A /* Products */;
			projectDirPath = "";
			projectRoot = "";
			targets = (
				0085A4072CF8B11D00F8C53A /* LooseEnds */,
				0085A41C2CF8B11E00F8C53A /* LooseEndsTests */,
				0085A4262CF8B11E00F8C53A /* LooseEndsUITests */,
			);
		};
/* End PBXProject section */

/* Begin PBXResourcesBuildPhase section */
		0085A4062CF8B11D00F8C53A /* Resources */ = {
			isa = PBXResourcesBuildPhase;
			buildActionMask = 2147483647;
			files = (
			);
			runOnlyForDeploymentPostprocessing = 0;
		};
		0085A41B2CF8B11E00F8C53A /* Resources */ = {
			isa = PBXResourcesBuildPhase;
			buildActionMask = 2147483647;
			files = (
			);
			runOnlyForDeploymentPostprocessing = 0;
		};
		0085A4252CF8B11E00F8C53A /* Resources */ = {
			isa = PBXResourcesBuildPhase;
			buildActionMask = 2147483647;
			files = (
			);
			runOnlyForDeploymentPostprocessing = 0;
		};
/* End PBXResourcesBuildPhase section */

/* Begin PBXSourcesBuildPhase section */
		0085A4042CF8B11D00F8C53A /* Sources */ = {
			isa = PBXSourcesBuildPhase;
			buildActionMask = 2147483647;
			files = (
			);
			runOnlyForDeploymentPostprocessing = 0;
		};
		0085A4192CF8B11E00F8C53A /* Sources */ = {
			isa = PBXSourcesBuildPhase;
			buildActionMask = 2147483647;
			files = (
			);
			runOnlyForDeploymentPostprocessing = 0;
		};
		0085A4232CF8B11E00F8C53A /* Sources */ = {
			isa = PBXSourcesBuildPhase;
			buildActionMask = 2147483647;
			files = (
			);
			runOnlyForDeploymentPostprocessing = 0;
		};
/* End PBXSourcesBuildPhase section */

/* Begin PBXTargetDependency section */
		0085A41F2CF8B11E00F8C53A /* PBXTargetDependency */ = {
			isa = PBXTargetDependency;
			target = 0085A4072CF8B11D00F8C53A /* LooseEnds */;
			targetProxy = 0085A41E2CF8B11E00F8C53A /* PBXContainerItemProxy */;
		};
		0085A4292CF8B11E00F8C53A /* PBXTargetDependency */ = {
			isa = PBXTargetDependency;
			target = 0085A4072CF8B11D00F8C53A /* LooseEnds */;
			targetProxy = 0085A4282CF8B11E00F8C53A /* PBXContainerItemProxy */;
		};
/* End PBXTargetDependency section */

/* Begin XCBuildConfiguration section */
		0085A42F2CF8B11E00F8C53A /* Debug */ = {
			isa = XCBuildConfiguration;
			buildSettings = {
				ALWAYS_SEARCH_USER_PATHS = NO;
				ASSETCATALOG_COMPILER_GENERATE_SWIFT_ASSET_SYMBOL_EXTENSIONS = YES;
				CLANG_ANALYZER_NONNULL = YES;
				CLANG_ANALYZER_NUMBER_OBJECT_CONVERSION = YES_AGGRESSIVE;
				CLANG_CXX_LANGUAGE_STANDARD = "gnu++20";
				CLANG_ENABLE_MODULES = YES;
				CLANG_ENABLE_OBJC_ARC = YES;
				CLANG_ENABLE_OBJC_WEAK = YES;
				CLANG_WARN_BLOCK_CAPTURE_AUTORELEASING = YES;
				CLANG_WARN_BOOL_CONVERSION = YES;
				CLANG_WARN_COMMA = YES;
				CLANG_WARN_CONSTANT_CONVERSION = YES;
				CLANG_WARN_DEPRECATED_OBJC_IMPLEMENTATIONS = YES;
				CLANG_WARN_DIRECT_OBJC_ISA_USAGE = YES_ERROR;
				CLANG_WARN_DOCUMENTATION_COMMENTS = YES;
				CLANG_WARN_EMPTY_BODY = YES;
				CLANG_WARN_ENUM_CONVERSION = YES;
				CLANG_WARN_INFINITE_RECURSION = YES;
				CLANG_WARN_INT_CONVERSION = YES;
				CLANG_WARN_NON_LITERAL_NULL_CONVERSION = YES;
				CLANG_WARN_OBJC_IMPLICIT_RETAIN_SELF = YES;
				CLANG_WARN_OBJC_LITERAL_CONVERSION = YES;
				CLANG_WARN_OBJC_ROOT_CLASS = YES_ERROR;
				CLANG_WARN_QUOTED_INCLUDE_IN_FRAMEWORK_HEADER = YES;
				CLANG_WARN_RANGE_LOOP_ANALYSIS = YES;
				CLANG_WARN_STRICT_PROTOTYPES = YES;
				CLANG_WARN_SUSPICIOUS_MOVE = YES;
				CLANG_WARN_UNGUARDED_AVAILABILITY = YES_AGGRESSIVE;
				CLANG_WARN_UNREACHABLE_CODE = YES;
				CLANG_WARN__DUPLICATE_METHOD_MATCH = YES;
				COPY_PHASE_STRIP = NO;
				DEBUG_INFORMATION_FORMAT = dwarf;
				ENABLE_STRICT_OBJC_MSGSEND = YES;
				ENABLE_TESTABILITY = YES;
				ENABLE_USER_SCRIPT_SANDBOXING = YES;
				GCC_C_LANGUAGE_STANDARD = gnu17;
				GCC_DYNAMIC_NO_PIC = NO;
				GCC_NO_COMMON_BLOCKS = YES;
				GCC_OPTIMIZATION_LEVEL = 0;
				GCC_PREPROCESSOR_DEFINITIONS = (
					"DEBUG=1",
					"$(inherited)",
				);
				GCC_WARN_64_TO_32_BIT_CONVERSION = YES;
				GCC_WARN_ABOUT_RETURN_TYPE = YES_ERROR;
				GCC_WARN_UNDECLARED_SELECTOR = YES;
				GCC_WARN_UNINITIALIZED_AUTOS = YES_AGGRESSIVE;
				GCC_WARN_UNUSED_FUNCTION = YES;
				GCC_WARN_UNUSED_VARIABLE = YES;
				IPHONEOS_DEPLOYMENT_TARGET = 18.1;
				LOCALIZATION_PREFERS_STRING_CATALOGS = YES;
				MTL_ENABLE_DEBUG_INFO = INCLUDE_SOURCE;
				MTL_FAST_MATH = YES;
				ONLY_ACTIVE_ARCH = YES;
				SDKROOT = iphoneos;
				SWIFT_ACTIVE_COMPILATION_CONDITIONS = "DEBUG $(inherited)";
				SWIFT_OPTIMIZATION_LEVEL = "-Onone";
			};
			name = Debug;
		};
		0085A4302CF8B11E00F8C53A /* Release */ = {
			isa = XCBuildConfiguration;
			buildSettings = {
				ALWAYS_SEARCH_USER_PATHS = NO;
				ASSETCATALOG_COMPILER_GENERATE_SWIFT_ASSET_SYMBOL_EXTENSIONS = YES;
				CLANG_ANALYZER_NONNULL = YES;
				CLANG_ANALYZER_NUMBER_OBJECT_CONVERSION = YES_AGGRESSIVE;
				CLANG_CXX_LANGUAGE_STANDARD = "gnu++20";
				CLANG_ENABLE_MODULES = YES;
				CLANG_ENABLE_OBJC_ARC = YES;
				CLANG_ENABLE_OBJC_WEAK = YES;
				CLANG_WARN_BLOCK_CAPTURE_AUTORELEASING = YES;
				CLANG_WARN_BOOL_CONVERSION = YES;
				CLANG_WARN_COMMA = YES;
				CLANG_WARN_CONSTANT_CONVERSION = YES;
				CLANG_WARN_DEPRECATED_OBJC_IMPLEMENTATIONS = YES;
				CLANG_WARN_DIRECT_OBJC_ISA_USAGE = YES_ERROR;
				CLANG_WARN_DOCUMENTATION_COMMENTS = YES;
				CLANG_WARN_EMPTY_BODY = YES;
				CLANG_WARN_ENUM_CONVERSION = YES;
				CLANG_WARN_INFINITE_RECURSION = YES;
				CLANG_WARN_INT_CONVERSION = YES;
				CLANG_WARN_NON_LITERAL_NULL_CONVERSION = YES;
				CLANG_WARN_OBJC_IMPLICIT_RETAIN_SELF = YES;
				CLANG_WARN_OBJC_LITERAL_CONVERSION = YES;
				CLANG_WARN_OBJC_ROOT_CLASS = YES_ERROR;
				CLANG_WARN_QUOTED_INCLUDE_IN_FRAMEWORK_HEADER = YES;
				CLANG_WARN_RANGE_LOOP_ANALYSIS = YES;
				CLANG_WARN_STRICT_PROTOTYPES = YES;
				CLANG_WARN_SUSPICIOUS_MOVE = YES;
				CLANG_WARN_UNGUARDED_AVAILABILITY = YES_AGGRESSIVE;
				CLANG_WARN_UNREACHABLE_CODE = YES;
				CLANG_WARN__DUPLICATE_METHOD_MATCH = YES;
				COPY_PHASE_STRIP = NO;
				DEBUG_INFORMATION_FORMAT = "dwarf-with-dsym";
				ENABLE_NS_ASSERTIONS = NO;
				ENABLE_STRICT_OBJC_MSGSEND = YES;
				ENABLE_USER_SCRIPT_SANDBOXING = YES;
				GCC_C_LANGUAGE_STANDARD = gnu17;
				GCC_NO_COMMON_BLOCKS = YES;
				GCC_WARN_64_TO_32_BIT_CONVERSION = YES;
				GCC_WARN_ABOUT_RETURN_TYPE = YES_ERROR;
				GCC_WARN_UNDECLARED_SELECTOR = YES;
				GCC_WARN_UNINITIALIZED_AUTOS = YES_AGGRESSIVE;
				GCC_WARN_UNUSED_FUNCTION = YES;
				GCC_WARN_UNUSED_VARIABLE = YES;
				IPHONEOS_DEPLOYMENT_TARGET = 18.1;
				LOCALIZATION_PREFERS_STRING_CATALOGS = YES;
				MTL_ENABLE_DEBUG_INFO = NO;
				MTL_FAST_MATH = YES;
				SDKROOT = iphoneos;
				SWIFT_COMPILATION_MODE = wholemodule;
				VALIDATE_PRODUCT = YES;
			};
			name = Release;
		};
		0085A4322CF8B11E00F8C53A /* Debug */ = {
			isa = XCBuildConfiguration;
			buildSettings = {
				ASSETCATALOG_COMPILER_APPICON_NAME = AppIcon;
				ASSETCATALOG_COMPILER_GLOBAL_ACCENT_COLOR_NAME = AccentColor;
				CODE_SIGN_STYLE = Automatic;
				CURRENT_PROJECT_VERSION = 1;
				DEVELOPMENT_ASSET_PATHS = "\"LooseEnds/Preview Content\"";
				DEVELOPMENT_TEAM = UK87X7N6A9;
				ENABLE_PREVIEWS = YES;
				GENERATE_INFOPLIST_FILE = YES;
				INFOPLIST_KEY_UIApplicationSceneManifest_Generation = YES;
				INFOPLIST_KEY_UIApplicationSupportsIndirectInputEvents = YES;
				INFOPLIST_KEY_UILaunchScreen_Generation = YES;
				INFOPLIST_KEY_UISupportedInterfaceOrientations_iPad = "UIInterfaceOrientationPortrait UIInterfaceOrientationPortraitUpsideDown UIInterfaceOrientationLandscapeLeft UIInterfaceOrientationLandscapeRight";
				INFOPLIST_KEY_UISupportedInterfaceOrientations_iPhone = "UIInterfaceOrientationPortrait UIInterfaceOrientationLandscapeLeft UIInterfaceOrientationLandscapeRight";
				LD_RUNPATH_SEARCH_PATHS = (
					"$(inherited)",
					"@executable_path/Frameworks",
				);
				MARKETING_VERSION = 1.0;
				PRODUCT_BUNDLE_IDENTIFIER = app.fanbase.FanbaseApp.LooseEnds;
				PRODUCT_NAME = "$(TARGET_NAME)";
				SWIFT_EMIT_LOC_STRINGS = YES;
				SWIFT_VERSION = 5.0;
				TARGETED_DEVICE_FAMILY = "1,2";
			};
			name = Debug;
		};
		0085A4332CF8B11E00F8C53A /* Release */ = {
			isa = XCBuildConfiguration;
			buildSettings = {
				ASSETCATALOG_COMPILER_APPICON_NAME = AppIcon;
				ASSETCATALOG_COMPILER_GLOBAL_ACCENT_COLOR_NAME = AccentColor;
				CODE_SIGN_STYLE = Automatic;
				CURRENT_PROJECT_VERSION = 1;
				DEVELOPMENT_ASSET_PATHS = "\"LooseEnds/Preview Content\"";
				DEVELOPMENT_TEAM = UK87X7N6A9;
				ENABLE_PREVIEWS = YES;
				GENERATE_INFOPLIST_FILE = YES;
				INFOPLIST_KEY_UIApplicationSceneManifest_Generation = YES;
				INFOPLIST_KEY_UIApplicationSupportsIndirectInputEvents = YES;
				INFOPLIST_KEY_UILaunchScreen_Generation = YES;
				INFOPLIST_KEY_UISupportedInterfaceOrientations_iPad = "UIInterfaceOrientationPortrait UIInterfaceOrientationPortraitUpsideDown UIInterfaceOrientationLandscapeLeft UIInterfaceOrientationLandscapeRight";
				INFOPLIST_KEY_UISupportedInterfaceOrientations_iPhone = "UIInterfaceOrientationPortrait UIInterfaceOrientationLandscapeLeft UIInterfaceOrientationLandscapeRight";
				LD_RUNPATH_SEARCH_PATHS = (
					"$(inherited)",
					"@executable_path/Frameworks",
				);
				MARKETING_VERSION = 1.0;
				PRODUCT_BUNDLE_IDENTIFIER = app.fanbase.FanbaseApp.LooseEnds;
				PRODUCT_NAME = "$(TARGET_NAME)";
				SWIFT_EMIT_LOC_STRINGS = YES;
				SWIFT_VERSION = 5.0;
				TARGETED_DEVICE_FAMILY = "1,2";
			};
			name = Release;
		};
		0085A4352CF8B11E00F8C53A /* Debug */ = {
			isa = XCBuildConfiguration;
			buildSettings = {
				BUNDLE_LOADER = "$(TEST_HOST)";
				CODE_SIGN_STYLE = Automatic;
				CURRENT_PROJECT_VERSION = 1;
				DEVELOPMENT_TEAM = UK87X7N6A9;
				GENERATE_INFOPLIST_FILE = YES;
				IPHONEOS_DEPLOYMENT_TARGET = 18.1;
				MARKETING_VERSION = 1.0;
				PRODUCT_BUNDLE_IDENTIFIER = app.fanbase.FanbaseApp.LooseEndsTests;
				PRODUCT_NAME = "$(TARGET_NAME)";
				SWIFT_EMIT_LOC_STRINGS = NO;
				SWIFT_VERSION = 5.0;
				TARGETED_DEVICE_FAMILY = "1,2";
				TEST_HOST = "$(BUILT_PRODUCTS_DIR)/LooseEnds.app/$(BUNDLE_EXECUTABLE_FOLDER_PATH)/LooseEnds";
			};
			name = Debug;
		};
		0085A4362CF8B11E00F8C53A /* Release */ = {
			isa = XCBuildConfiguration;
			buildSettings = {
				BUNDLE_LOADER = "$(TEST_HOST)";
				CODE_SIGN_STYLE = Automatic;
				CURRENT_PROJECT_VERSION = 1;
				DEVELOPMENT_TEAM = UK87X7N6A9;
				GENERATE_INFOPLIST_FILE = YES;
				IPHONEOS_DEPLOYMENT_TARGET = 18.1;
				MARKETING_VERSION = 1.0;
				PRODUCT_BUNDLE_IDENTIFIER = app.fanbase.FanbaseApp.LooseEndsTests;
				PRODUCT_NAME = "$(TARGET_NAME)";
				SWIFT_EMIT_LOC_STRINGS = NO;
				SWIFT_VERSION = 5.0;
				TARGETED_DEVICE_FAMILY = "1,2";
				TEST_HOST = "$(BUILT_PRODUCTS_DIR)/LooseEnds.app/$(BUNDLE_EXECUTABLE_FOLDER_PATH)/LooseEnds";
			};
			name = Release;
		};
		0085A4382CF8B11E00F8C53A /* Debug */ = {
			isa = XCBuildConfiguration;
			buildSettings = {
				CODE_SIGN_STYLE = Automatic;
				CURRENT_PROJECT_VERSION = 1;
				DEVELOPMENT_TEAM = UK87X7N6A9;
				GENERATE_INFOPLIST_FILE = YES;
				MARKETING_VERSION = 1.0;
				PRODUCT_BUNDLE_IDENTIFIER = app.fanbase.FanbaseApp.LooseEndsUITests;
				PRODUCT_NAME = "$(TARGET_NAME)";
				SWIFT_EMIT_LOC_STRINGS = NO;
				SWIFT_VERSION = 5.0;
				TARGETED_DEVICE_FAMILY = "1,2";
				TEST_TARGET_NAME = LooseEnds;
			};
			name = Debug;
		};
		0085A4392CF8B11E00F8C53A /* Release */ = {
			isa = XCBuildConfiguration;
			buildSettings = {
				CODE_SIGN_STYLE = Automatic;
				CURRENT_PROJECT_VERSION = 1;
				DEVELOPMENT_TEAM = UK87X7N6A9;
				GENERATE_INFOPLIST_FILE = YES;
				MARKETING_VERSION = 1.0;
				PRODUCT_BUNDLE_IDENTIFIER = app.fanbase.FanbaseApp.LooseEndsUITests;
				PRODUCT_NAME = "$(TARGET_NAME)";
				SWIFT_EMIT_LOC_STRINGS = NO;
				SWIFT_VERSION = 5.0;
				TARGETED_DEVICE_FAMILY = "1,2";
				TEST_TARGET_NAME = LooseEnds;
			};
			name = Release;
		};
/* End XCBuildConfiguration section */

/* Begin XCConfigurationList section */
		0085A4032CF8B11D00F8C53A /* Build configuration list for PBXProject "LooseEnds" */ = {
			isa = XCConfigurationList;
			buildConfigurations = (
				0085A42F2CF8B11E00F8C53A /* Debug */,
				0085A4302CF8B11E00F8C53A /* Release */,
			);
			defaultConfigurationIsVisible = 0;
			defaultConfigurationName = Release;
		};
		0085A4312CF8B11E00F8C53A /* Build configuration list for PBXNativeTarget "LooseEnds" */ = {
			isa = XCConfigurationList;
			buildConfigurations = (
				0085A4322CF8B11E00F8C53A /* Debug */,
				0085A4332CF8B11E00F8C53A /* Release */,
			);
			defaultConfigurationIsVisible = 0;
			defaultConfigurationName = Release;
		};
		0085A4342CF8B11E00F8C53A /* Build configuration list for PBXNativeTarget "LooseEndsTests" */ = {
			isa = XCConfigurationList;
			buildConfigurations = (
				0085A4352CF8B11E00F8C53A /* Debug */,
				0085A4362CF8B11E00F8C53A /* Release */,
			);
			defaultConfigurationIsVisible = 0;
			defaultConfigurationName = Release;
		};
		0085A4372CF8B11E00F8C53A /* Build configuration list for PBXNativeTarget "LooseEndsUITests" */ = {
			isa = XCConfigurationList;
			buildConfigurations = (
				0085A4382CF8B11E00F8C53A /* Debug */,
				0085A4392CF8B11E00F8C53A /* Release */,
			);
			defaultConfigurationIsVisible = 0;
			defaultConfigurationName = Release;
		};
/* End XCConfigurationList section */
	};
	rootObject = 0085A4002CF8B11D00F8C53A /* Project object */;
}
